
Microsoft Visual Studio Solution File, Format Version 12.00
# Visual Studio 15
VisualStudioVersion = 15.0.27703.2000
MinimumVisualStudioVersion = 10.0.40219.1
Project("{FAE04EC0-301F-11D3-BF4B-00C04F79EFBC}") = "AzureSignalRMessaging", "AzureSignalRMessaging\AzureSignalRMessaging.csproj", "{6E9DD8EB-AD4B-4F2F-9770-05CB75763BCE}"
EndProject
Global
	GlobalSection(SolutionConfigurationPlatforms) = preSolution
		Debug|Any CPU = Debug|Any CPU
		Release|Any CPU = Release|Any CPU
	EndGlobalSection
	GlobalSection(ProjectConfigurationPlatforms) = postSolution
		{6E9DD8EB-AD4B-4F2F-9770-05CB75763BCE}.Debug|Any CPU.ActiveCfg = Debug|Any CPU
		{6E9DD8EB-AD4B-4F2F-9770-05CB75763BCE}.Debug|Any CPU.Build.0 = Debug|Any CPU
		{6E9DD8EB-AD4B-4F2F-9770-05CB75763BCE}.Release|Any CPU.ActiveCfg = Release|Any CPU
		{6E9DD8EB-AD4B-4F2F-9770-05CB75763BCE}.Release|Any CPU.Build.0 = Release|Any CPU
	EndGlobalSection
	GlobalSection(SolutionProperties) = preSolution
		HideSolutionNode = FALSE
	EndGlobalSection
	GlobalSection(ExtensibilityGlobals) = postSolution
		SolutionGuid = {C4A53515-0AEB-4162-81FC-2BCF3799A744}
	EndGlobalSection
EndGlobal
